<Solution>
  <Folder Name="/src/">
    <Project Path="src/Bank.Loan.Api/Bank.Loan.Api.csproj" />
    <Project Path="src/Bank.Loan.Application/Bank.Loan.Application.csproj" />
    <Project Path="src/Bank.Loan.Domain/Bank.Loan.Domain.csproj" />
    <Project Path="src/Bank.Loan.Infrastructure/Bank.Loan.Infrastructure/Bank.Loan.Infrastructure.csproj" Id="403d21dc-594e-4d9f-8fe6-79253e87b124" />
  </Folder>
</Solution>
